// !$*UTF8*$!
{
	archiveVersion = 1;
	classes = {
	};
	objectVersion = 50;
	objects = {

/* Begin PBXBuildFile section */
		A431F6BF22090BA70052C848 /* AppDelegate.swift in Sources */ = {isa = PBXBuildFile; fileRef = A431F6BE22090BA70052C848 /* AppDelegate.swift */; };
		A431F6C122090BA70052C848 /* ViewController.swift in Sources */ = {isa = PBXBuildFile; fileRef = A431F6C022090BA70052C848 /* ViewController.swift */; };
		A431F6C422090BA70052C848 /* Main.storyboard in Resources */ = {isa = PBXBuildFile; fileRef = A431F6C222090BA70052C848 /* Main.storyboard */; };
		A431F6C622090BA90052C848 /* Assets.xcassets in Resources */ = {isa = PBXBuildFile; fileRef = A431F6C522090BA90052C848 /* Assets.xcassets */; };
		A431F6C922090BA90052C848 /* LaunchScreen.storyboard in Resources */ = {isa = PBXBuildFile; fileRef = A431F6C722090BA90052C848 /* LaunchScreen.storyboard */; };
		A431F6D422090BA90052C848 /* AnalogClockTests.swift in Sources */ = {isa = PBXBuildFile; fileRef = A431F6D322090BA90052C848 /* AnalogClockTests.swift */; };
		A431F6DF22090BA90052C848 /* AnalogClockUITests.swift in Sources */ = {isa = PBXBuildFile; fileRef = A431F6DE22090BA90052C848 /* AnalogClockUITests.swift */; };
		A431F6EE220967E80052C848 /* ClockHandController.swift in Sources */ = {isa = PBXBuildFile; fileRef = A431F6ED220967E80052C848 /* ClockHandController.swift */; };
		A4B8231D220A5A2600161F3D /* CurrentTimeAndDate.swift in Sources */ = {isa = PBXBuildFile; fileRef = A4B8231C220A5A2600161F3D /* CurrentTimeAndDate.swift */; };
		A4B82320220A613E00161F3D /* MonthNames.swift in Sources */ = {isa = PBXBuildFile; fileRef = A4B8231F220A613E00161F3D /* MonthNames.swift */; };
		A4B82322220A8F9700161F3D /* WeekNames.swift in Sources */ = {isa = PBXBuildFile; fileRef = A4B82321220A8F9700161F3D /* WeekNames.swift */; };
		A4B82325220AB66B00161F3D /* General.swift in Sources */ = {isa = PBXBuildFile; fileRef = A4B82324220AB66B00161F3D /* General.swift */; };
		A4B82329220BF13700161F3D /* UIClockHand.swift in Sources */ = {isa = PBXBuildFile; fileRef = A4B82328220BF13700161F3D /* UIClockHand.swift */; };
		A4BE41462213E91300D2D277 /* ClockHandType.swift in Sources */ = {isa = PBXBuildFile; fileRef = A4BE41452213E91300D2D277 /* ClockHandType.swift */; };
		A4BE414822176C5200D2D277 /* UIClock.swift in Sources */ = {isa = PBXBuildFile; fileRef = A4BE414722176C5200D2D277 /* UIClock.swift */; };
		A4BE414A2217CDAB00D2D277 /* UIClockFace.swift in Sources */ = {isa = PBXBuildFile; fileRef = A4BE41492217CDAB00D2D277 /* UIClockFace.swift */; };
/* End PBXBuildFile section */

/* Begin PBXContainerItemProxy section */
		A431F6D022090BA90052C848 /* PBXContainerItemProxy */ = {
			isa = PBXContainerItemProxy;
			containerPortal = A431F6B322090BA70052C848 /* Project object */;
			proxyType = 1;
			remoteGlobalIDString = A431F6BA22090BA70052C848;
			remoteInfo = AnalogClock;
		};
		A431F6DB22090BA90052C848 /* PBXContainerItemProxy */ = {
			isa = PBXContainerItemProxy;
			containerPortal = A431F6B322090BA70052C848 /* Project object */;
			proxyType = 1;
			remoteGlobalIDString = A431F6BA22090BA70052C848;
			remoteInfo = AnalogClock;
		};
/* End PBXContainerItemProxy section */

/* Begin PBXFileReference section */
		A431F6BB22090BA70052C848 /* AnalogClock.app */ = {isa = PBXFileReference; explicitFileType = wrapper.application; includeInIndex = 0; path = AnalogClock.app; sourceTree = BUILT_PRODUCTS_DIR; };
		A431F6BE22090BA70052C848 /* AppDelegate.swift */ = {isa = PBXFileReference; lastKnownFileType = sourcecode.swift; path = AppDelegate.swift; sourceTree = "<group>"; };
		A431F6C022090BA70052C848 /* ViewController.swift */ = {isa = PBXFileReference; lastKnownFileType = sourcecode.swift; path = ViewController.swift; sourceTree = "<group>"; };
		A431F6C322090BA70052C848 /* Base */ = {isa = PBXFileReference; lastKnownFileType = file.storyboard; name = Base; path = Base.lproj/Main.storyboard; sourceTree = "<group>"; };
		A431F6C522090BA90052C848 /* Assets.xcassets */ = {isa = PBXFileReference; lastKnownFileType = folder.assetcatalog; path = Assets.xcassets; sourceTree = "<group>"; };
		A431F6C822090BA90052C848 /* Base */ = {isa = PBXFileReference; lastKnownFileType = file.storyboard; name = Base; path = Base.lproj/LaunchScreen.storyboard; sourceTree = "<group>"; };
		A431F6CA22090BA90052C848 /* Info.plist */ = {isa = PBXFileReference; lastKnownFileType = text.plist.xml; path = Info.plist; sourceTree = "<group>"; };
		A431F6CF22090BA90052C848 /* AnalogClockTests.xctest */ = {isa = PBXFileReference; explicitFileType = wrapper.cfbundle; includeInIndex = 0; path = AnalogClockTests.xctest; sourceTree = BUILT_PRODUCTS_DIR; };
		A431F6D322090BA90052C848 /* AnalogClockTests.swift */ = {isa = PBXFileReference; lastKnownFileType = sourcecode.swift; path = AnalogClockTests.swift; sourceTree = "<group>"; };
		A431F6D522090BA90052C848 /* Info.plist */ = {isa = PBXFileReference; lastKnownFileType = text.plist.xml; path = Info.plist; sourceTree = "<group>"; };
		A431F6DA22090BA90052C848 /* AnalogClockUITests.xctest */ = {isa = PBXFileReference; explicitFileType = wrapper.cfbundle; includeInIndex = 0; path = AnalogClockUITests.xctest; sourceTree = BUILT_PRODUCTS_DIR; };
		A431F6DE22090BA90052C848 /* AnalogClockUITests.swift */ = {isa = PBXFileReference; lastKnownFileType = sourcecode.swift; path = AnalogClockUITests.swift; sourceTree = "<group>"; };
		A431F6E022090BA90052C848 /* Info.plist */ = {isa = PBXFileReference; lastKnownFileType = text.plist.xml; path = Info.plist; sourceTree = "<group>"; };
		A431F6ED220967E80052C848 /* ClockHandController.swift */ = {isa = PBXFileReference; lastKnownFileType = sourcecode.swift; path = ClockHandController.swift; sourceTree = "<group>"; };
		A4B8231C220A5A2600161F3D /* CurrentTimeAndDate.swift */ = {isa = PBXFileReference; lastKnownFileType = sourcecode.swift; path = CurrentTimeAndDate.swift; sourceTree = "<group>"; };
		A4B8231F220A613E00161F3D /* MonthNames.swift */ = {isa = PBXFileReference; lastKnownFileType = sourcecode.swift; path = MonthNames.swift; sourceTree = "<group>"; };
		A4B82321220A8F9700161F3D /* WeekNames.swift */ = {isa = PBXFileReference; lastKnownFileType = sourcecode.swift; path = WeekNames.swift; sourceTree = "<group>"; };
		A4B82324220AB66B00161F3D /* General.swift */ = {isa = PBXFileReference; lastKnownFileType = sourcecode.swift; path = General.swift; sourceTree = "<group>"; };
		A4B82326220AB84100161F3D /* README.md */ = {isa = PBXFileReference; lastKnownFileType = net.daringfireball.markdown; path = README.md; sourceTree = "<group>"; };
		A4B82328220BF13700161F3D /* UIClockHand.swift */ = {isa = PBXFileReference; lastKnownFileType = sourcecode.swift; path = UIClockHand.swift; sourceTree = "<group>"; };
		A4BE41452213E91300D2D277 /* ClockHandType.swift */ = {isa = PBXFileReference; lastKnownFileType = sourcecode.swift; path = ClockHandType.swift; sourceTree = "<group>"; };
		A4BE414722176C5200D2D277 /* UIClock.swift */ = {isa = PBXFileReference; lastKnownFileType = sourcecode.swift; path = UIClock.swift; sourceTree = "<group>"; };
		A4BE41492217CDAB00D2D277 /* UIClockFace.swift */ = {isa = PBXFileReference; lastKnownFileType = sourcecode.swift; path = UIClockFace.swift; sourceTree = "<group>"; };
/* End PBXFileReference section */

/* Begin PBXFrameworksBuildPhase section */
		A431F6B822090BA70052C848 /* Frameworks */ = {
			isa = PBXFrameworksBuildPhase;
			buildActionMask = 2147483647;
			files = (
			);
			runOnlyForDeploymentPostprocessing = 0;
		};
		A431F6CC22090BA90052C848 /* Frameworks */ = {
			isa = PBXFrameworksBuildPhase;
			buildActionMask = 2147483647;
			files = (
			);
			runOnlyForDeploymentPostprocessing = 0;
		};
		A431F6D722090BA90052C848 /* Frameworks */ = {
			isa = PBXFrameworksBuildPhase;
			buildActionMask = 2147483647;
			files = (
			);
			runOnlyForDeploymentPostprocessing = 0;
		};
/* End PBXFrameworksBuildPhase section */

/* Begin PBXGroup section */
		A431F6B222090BA70052C848 = {
			isa = PBXGroup;
			children = (
				A4B82326220AB84100161F3D /* README.md */,
				A431F6BD22090BA70052C848 /* AnalogClock */,
				A431F6D222090BA90052C848 /* AnalogClockTests */,
				A431F6DD22090BA90052C848 /* AnalogClockUITests */,
				A431F6BC22090BA70052C848 /* Products */,
			);
			sourceTree = "<group>";
		};
		A431F6BC22090BA70052C848 /* Products */ = {
			isa = PBXGroup;
			children = (
				A431F6BB22090BA70052C848 /* AnalogClock.app */,
				A431F6CF22090BA90052C848 /* AnalogClockTests.xctest */,
				A431F6DA22090BA90052C848 /* AnalogClockUITests.xctest */,
			);
			name = Products;
			sourceTree = "<group>";
		};
		A431F6BD22090BA70052C848 /* AnalogClock */ = {
			isa = PBXGroup;
			children = (
				A4B82327220BF11500161F3D /* UI */,
				A431F6EC220967B40052C848 /* Definitions */,
				A431F6BE22090BA70052C848 /* AppDelegate.swift */,
				A431F6C022090BA70052C848 /* ViewController.swift */,
				A431F6C222090BA70052C848 /* Main.storyboard */,
				A431F6C522090BA90052C848 /* Assets.xcassets */,
				A431F6C722090BA90052C848 /* LaunchScreen.storyboard */,
				A431F6CA22090BA90052C848 /* Info.plist */,
			);
			path = AnalogClock;
			sourceTree = "<group>";
		};
		A431F6D222090BA90052C848 /* AnalogClockTests */ = {
			isa = PBXGroup;
			children = (
				A431F6D322090BA90052C848 /* AnalogClockTests.swift */,
				A431F6D522090BA90052C848 /* Info.plist */,
			);
			path = AnalogClockTests;
			sourceTree = "<group>";
		};
		A431F6DD22090BA90052C848 /* AnalogClockUITests */ = {
			isa = PBXGroup;
			children = (
				A431F6DE22090BA90052C848 /* AnalogClockUITests.swift */,
				A431F6E022090BA90052C848 /* Info.plist */,
			);
			path = AnalogClockUITests;
			sourceTree = "<group>";
		};
		A431F6EC220967B40052C848 /* Definitions */ = {
			isa = PBXGroup;
			children = (
				A4B82323220A932700161F3D /* CurrentTimeAndDate */,
				A431F6ED220967E80052C848 /* ClockHandController.swift */,
				A4BE41452213E91300D2D277 /* ClockHandType.swift */,
			);
			path = Definitions;
			sourceTree = "<group>";
		};
		A4B8231E220A611F00161F3D /* Constants */ = {
			isa = PBXGroup;
			children = (
				A4B8231F220A613E00161F3D /* MonthNames.swift */,
				A4B82321220A8F9700161F3D /* WeekNames.swift */,
				A4B82324220AB66B00161F3D /* General.swift */,
			);
			path = Constants;
			sourceTree = "<group>";
		};
		A4B82323220A932700161F3D /* CurrentTimeAndDate */ = {
			isa = PBXGroup;
			children = (
				A4B8231E220A611F00161F3D /* Constants */,
				A4B8231C220A5A2600161F3D /* CurrentTimeAndDate.swift */,
			);
			path = CurrentTimeAndDate;
			sourceTree = "<group>";
		};
		A4B82327220BF11500161F3D /* UI */ = {
			isa = PBXGroup;
			children = (
				A4B82328220BF13700161F3D /* UIClockHand.swift */,
				A4BE414722176C5200D2D277 /* UIClock.swift */,
				A4BE41492217CDAB00D2D277 /* UIClockFace.swift */,
			);
			path = UI;
			sourceTree = "<group>";
		};
/* End PBXGroup section */

/* Begin PBXNativeTarget section */
		A431F6BA22090BA70052C848 /* AnalogClock */ = {
			isa = PBXNativeTarget;
			buildConfigurationList = A431F6E322090BA90052C848 /* Build configuration list for PBXNativeTarget "AnalogClock" */;
			buildPhases = (
				A431F6B722090BA70052C848 /* Sources */,
				A431F6B822090BA70052C848 /* Frameworks */,
				A431F6B922090BA70052C848 /* Resources */,
			);
			buildRules = (
			);
			dependencies = (
			);
			name = AnalogClock;
			productName = AnalogClock;
			productReference = A431F6BB22090BA70052C848 /* AnalogClock.app */;
			productType = "com.apple.product-type.application";
		};
		A431F6CE22090BA90052C848 /* AnalogClockTests */ = {
			isa = PBXNativeTarget;
			buildConfigurationList = A431F6E622090BA90052C848 /* Build configuration list for PBXNativeTarget "AnalogClockTests" */;
			buildPhases = (
				A431F6CB22090BA90052C848 /* Sources */,
				A431F6CC22090BA90052C848 /* Frameworks */,
				A431F6CD22090BA90052C848 /* Resources */,
			);
			buildRules = (
			);
			dependencies = (
				A431F6D122090BA90052C848 /* PBXTargetDependency */,
			);
			name = AnalogClockTests;
			productName = AnalogClockTests;
			productReference = A431F6CF22090BA90052C848 /* AnalogClockTests.xctest */;
			productType = "com.apple.product-type.bundle.unit-test";
		};
		A431F6D922090BA90052C848 /* AnalogClockUITests */ = {
			isa = PBXNativeTarget;
			buildConfigurationList = A431F6E922090BA90052C848 /* Build configuration list for PBXNativeTarget "AnalogClockUITests" */;
			buildPhases = (
				A431F6D622090BA90052C848 /* Sources */,
				A431F6D722090BA90052C848 /* Frameworks */,
				A431F6D822090BA90052C848 /* Resources */,
			);
			buildRules = (
			);
			dependencies = (
				A431F6DC22090BA90052C848 /* PBXTargetDependency */,
			);
			name = AnalogClockUITests;
			productName = AnalogClockUITests;
			productReference = A431F6DA22090BA90052C848 /* AnalogClockUITests.xctest */;
			productType = "com.apple.product-type.bundle.ui-testing";
		};
/* End PBXNativeTarget section */

/* Begin PBXProject section */
		A431F6B322090BA70052C848 /* Project object */ = {
			isa = PBXProject;
			attributes = {
				LastSwiftUpdateCheck = 1010;
				LastUpgradeCheck = 1010;
				ORGANIZATIONNAME = "Justin Reusch";
				TargetAttributes = {
					A431F6BA22090BA70052C848 = {
						CreatedOnToolsVersion = 10.1;
					};
					A431F6CE22090BA90052C848 = {
						CreatedOnToolsVersion = 10.1;
						TestTargetID = A431F6BA22090BA70052C848;
					};
					A431F6D922090BA90052C848 = {
						CreatedOnToolsVersion = 10.1;
						TestTargetID = A431F6BA22090BA70052C848;
					};
				};
			};
			buildConfigurationList = A431F6B622090BA70052C848 /* Build configuration list for PBXProject "AnalogClock" */;
			compatibilityVersion = "Xcode 9.3";
			developmentRegion = en;
			hasScannedForEncodings = 0;
			knownRegions = (
				en,
				Base,
			);
			mainGroup = A431F6B222090BA70052C848;
			productRefGroup = A431F6BC22090BA70052C848 /* Products */;
			projectDirPath = "";
			projectRoot = "";
			targets = (
				A431F6BA22090BA70052C848 /* AnalogClock */,
				A431F6CE22090BA90052C848 /* AnalogClockTests */,
				A431F6D922090BA90052C848 /* AnalogClockUITests */,
			);
		};
/* End PBXProject section */

/* Begin PBXResourcesBuildPhase section */
		A431F6B922090BA70052C848 /* Resources */ = {
			isa = PBXResourcesBuildPhase;
			buildActionMask = 2147483647;
			files = (
				A431F6C922090BA90052C848 /* LaunchScreen.storyboard in Resources */,
				A431F6C622090BA90052C848 /* Assets.xcassets in Resources */,
				A431F6C422090BA70052C848 /* Main.storyboard in Resources */,
			);
			runOnlyForDeploymentPostprocessing = 0;
		};
		A431F6CD22090BA90052C848 /* Resources */ = {
			isa = PBXResourcesBuildPhase;
			buildActionMask = 2147483647;
			files = (
			);
			runOnlyForDeploymentPostprocessing = 0;
		};
		A431F6D822090BA90052C848 /* Resources */ = {
			isa = PBXResourcesBuildPhase;
			buildActionMask = 2147483647;
			files = (
			);
			runOnlyForDeploymentPostprocessing = 0;
		};
/* End PBXResourcesBuildPhase section */

/* Begin PBXSourcesBuildPhase section */
		A431F6B722090BA70052C848 /* Sources */ = {
			isa = PBXSourcesBuildPhase;
			buildActionMask = 2147483647;
			files = (
				A4B82322220A8F9700161F3D /* WeekNames.swift in Sources */,
				A431F6C122090BA70052C848 /* ViewController.swift in Sources */,
				A4B82329220BF13700161F3D /* UIClockHand.swift in Sources */,
				A4B82320220A613E00161F3D /* MonthNames.swift in Sources */,
				A4BE414A2217CDAB00D2D277 /* UIClockFace.swift in Sources */,
				A431F6EE220967E80052C848 /* ClockHandController.swift in Sources */,
				A4B8231D220A5A2600161F3D /* CurrentTimeAndDate.swift in Sources */,
				A4B82325220AB66B00161F3D /* General.swift in Sources */,
				A4BE41462213E91300D2D277 /* ClockHandType.swift in Sources */,
				A4BE414822176C5200D2D277 /* UIClock.swift in Sources */,
				A431F6BF22090BA70052C848 /* AppDelegate.swift in Sources */,
			);
			runOnlyForDeploymentPostprocessing = 0;
		};
		A431F6CB22090BA90052C848 /* Sources */ = {
			isa = PBXSourcesBuildPhase;
			buildActionMask = 2147483647;
			files = (
				A431F6D422090BA90052C848 /* AnalogClockTests.swift in Sources */,
			);
			runOnlyForDeploymentPostprocessing = 0;
		};
		A431F6D622090BA90052C848 /* Sources */ = {
			isa = PBXSourcesBuildPhase;
			buildActionMask = 2147483647;
			files = (
				A431F6DF22090BA90052C848 /* AnalogClockUITests.swift in Sources */,
			);
			runOnlyForDeploymentPostprocessing = 0;
		};
/* End PBXSourcesBuildPhase section */

/* Begin PBXTargetDependency section */
		A431F6D122090BA90052C848 /* PBXTargetDependency */ = {
			isa = PBXTargetDependency;
			target = A431F6BA22090BA70052C848 /* AnalogClock */;
			targetProxy = A431F6D022090BA90052C848 /* PBXContainerItemProxy */;
		};
		A431F6DC22090BA90052C848 /* PBXTargetDependency */ = {
			isa = PBXTargetDependency;
			target = A431F6BA22090BA70052C848 /* AnalogClock */;
			targetProxy = A431F6DB22090BA90052C848 /* PBXContainerItemProxy */;
		};
/* End PBXTargetDependency section */

/* Begin PBXVariantGroup section */
		A431F6C222090BA70052C848 /* Main.storyboard */ = {
			isa = PBXVariantGroup;
			children = (
				A431F6C322090BA70052C848 /* Base */,
			);
			name = Main.storyboard;
			sourceTree = "<group>";
		};
		A431F6C722090BA90052C848 /* LaunchScreen.storyboard */ = {
			isa = PBXVariantGroup;
			children = (
				A431F6C822090BA90052C848 /* Base */,
			);
			name = LaunchScreen.storyboard;
			sourceTree = "<group>";
		};
/* End PBXVariantGroup section */

/* Begin XCBuildConfiguration section */
		A431F6E122090BA90052C848 /* Debug */ = {
			isa = XCBuildConfiguration;
			buildSettings = {
				ALWAYS_SEARCH_USER_PATHS = NO;
				CLANG_ANALYZER_NONNULL = YES;
				CLANG_ANALYZER_NUMBER_OBJECT_CONVERSION = YES_AGGRESSIVE;
				CLANG_CXX_LANGUAGE_STANDARD = "gnu++14";
				CLANG_CXX_LIBRARY = "libc++";
				CLANG_ENABLE_MODULES = YES;
				CLANG_ENABLE_OBJC_ARC = YES;
				CLANG_ENABLE_OBJC_WEAK = YES;
				CLANG_WARN_BLOCK_CAPTURE_AUTORELEASING = YES;
				CLANG_WARN_BOOL_CONVERSION = YES;
				CLANG_WARN_COMMA = YES;
				CLANG_WARN_CONSTANT_CONVERSION = YES;
				CLANG_WARN_DEPRECATED_OBJC_IMPLEMENTATIONS = YES;
				CLANG_WARN_DIRECT_OBJC_ISA_USAGE = YES_ERROR;
				CLANG_WARN_DOCUMENTATION_COMMENTS = YES;
				CLANG_WARN_EMPTY_BODY = YES;
				CLANG_WARN_ENUM_CONVERSION = YES;
				CLANG_WARN_INFINITE_RECURSION = YES;
				CLANG_WARN_INT_CONVERSION = YES;
				CLANG_WARN_NON_LITERAL_NULL_CONVERSION = YES;
				CLANG_WARN_OBJC_IMPLICIT_RETAIN_SELF = YES;
				CLANG_WARN_OBJC_LITERAL_CONVERSION = YES;
				CLANG_WARN_OBJC_ROOT_CLASS = YES_ERROR;
				CLANG_WARN_RANGE_LOOP_ANALYSIS = YES;
				CLANG_WARN_STRICT_PROTOTYPES = YES;
				CLANG_WARN_SUSPICIOUS_MOVE = YES;
				CLANG_WARN_UNGUARDED_AVAILABILITY = YES_AGGRESSIVE;
				CLANG_WARN_UNREACHABLE_CODE = YES;
				CLANG_WARN__DUPLICATE_METHOD_MATCH = YES;
				CODE_SIGN_IDENTITY = "iPhone Developer";
				COPY_PHASE_STRIP = NO;
				DEBUG_INFORMATION_FORMAT = dwarf;
				ENABLE_STRICT_OBJC_MSGSEND = YES;
				ENABLE_TESTABILITY = YES;
				GCC_C_LANGUAGE_STANDARD = gnu11;
				GCC_DYNAMIC_NO_PIC = NO;
				GCC_NO_COMMON_BLOCKS = YES;
				GCC_OPTIMIZATION_LEVEL = 0;
				GCC_PREPROCESSOR_DEFINITIONS = (
					"DEBUG=1",
					"$(inherited)",
				);
				GCC_WARN_64_TO_32_BIT_CONVERSION = YES;
				GCC_WARN_ABOUT_RETURN_TYPE = YES_ERROR;
				GCC_WARN_UNDECLARED_SELECTOR = YES;
				GCC_WARN_UNINITIALIZED_AUTOS = YES_AGGRESSIVE;
				GCC_WARN_UNUSED_FUNCTION = YES;
				GCC_WARN_UNUSED_VARIABLE = YES;
				IPHONEOS_DEPLOYMENT_TARGET = 12.1;
				MTL_ENABLE_DEBUG_INFO = INCLUDE_SOURCE;
				MTL_FAST_MATH = YES;
				ONLY_ACTIVE_ARCH = YES;
				SDKROOT = iphoneos;
				SWIFT_ACTIVE_COMPILATION_CONDITIONS = DEBUG;
				SWIFT_OPTIMIZATION_LEVEL = "-Onone";
			};
			name = Debug;
		};
		A431F6E222090BA90052C848 /* Release */ = {
			isa = XCBuildConfiguration;
			buildSettings = {
				ALWAYS_SEARCH_USER_PATHS = NO;
				CLANG_ANALYZER_NONNULL = YES;
				CLANG_ANALYZER_NUMBER_OBJECT_CONVERSION = YES_AGGRESSIVE;
				CLANG_CXX_LANGUAGE_STANDARD = "gnu++14";
				CLANG_CXX_LIBRARY = "libc++";
				CLANG_ENABLE_MODULES = YES;
				CLANG_ENABLE_OBJC_ARC = YES;
				CLANG_ENABLE_OBJC_WEAK = YES;
				CLANG_WARN_BLOCK_CAPTURE_AUTORELEASING = YES;
				CLANG_WARN_BOOL_CONVERSION = YES;
				CLANG_WARN_COMMA = YES;
				CLANG_WARN_CONSTANT_CONVERSION = YES;
				CLANG_WARN_DEPRECATED_OBJC_IMPLEMENTATIONS = YES;
				CLANG_WARN_DIRECT_OBJC_ISA_USAGE = YES_ERROR;
				CLANG_WARN_DOCUMENTATION_COMMENTS = YES;
				CLANG_WARN_EMPTY_BODY = YES;
				CLANG_WARN_ENUM_CONVERSION = YES;
				CLANG_WARN_INFINITE_RECURSION = YES;
				CLANG_WARN_INT_CONVERSION = YES;
				CLANG_WARN_NON_LITERAL_NULL_CONVERSION = YES;
				CLANG_WARN_OBJC_IMPLICIT_RETAIN_SELF = YES;
				CLANG_WARN_OBJC_LITERAL_CONVERSION = YES;
				CLANG_WARN_OBJC_ROOT_CLASS = YES_ERROR;
				CLANG_WARN_RANGE_LOOP_ANALYSIS = YES;
				CLANG_WARN_STRICT_PROTOTYPES = YES;
				CLANG_WARN_SUSPICIOUS_MOVE = YES;
				CLANG_WARN_UNGUARDED_AVAILABILITY = YES_AGGRESSIVE;
				CLANG_WARN_UNREACHABLE_CODE = YES;
				CLANG_WARN__DUPLICATE_METHOD_MATCH = YES;
				CODE_SIGN_IDENTITY = "iPhone Developer";
				COPY_PHASE_STRIP = NO;
				DEBUG_INFORMATION_FORMAT = "dwarf-with-dsym";
				ENABLE_NS_ASSERTIONS = NO;
				ENABLE_STRICT_OBJC_MSGSEND = YES;
				GCC_C_LANGUAGE_STANDARD = gnu11;
				GCC_NO_COMMON_BLOCKS = YES;
				GCC_WARN_64_TO_32_BIT_CONVERSION = YES;
				GCC_WARN_ABOUT_RETURN_TYPE = YES_ERROR;
				GCC_WARN_UNDECLARED_SELECTOR = YES;
				GCC_WARN_UNINITIALIZED_AUTOS = YES_AGGRESSIVE;
				GCC_WARN_UNUSED_FUNCTION = YES;
				GCC_WARN_UNUSED_VARIABLE = YES;
				IPHONEOS_DEPLOYMENT_TARGET = 12.1;
				MTL_ENABLE_DEBUG_INFO = NO;
				MTL_FAST_MATH = YES;
				SDKROOT = iphoneos;
				SWIFT_COMPILATION_MODE = wholemodule;
				SWIFT_OPTIMIZATION_LEVEL = "-O";
				VALIDATE_PRODUCT = YES;
			};
			name = Release;
		};
		A431F6E422090BA90052C848 /* Debug */ = {
			isa = XCBuildConfiguration;
			buildSettings = {
				ASSETCATALOG_COMPILER_APPICON_NAME = AppIcon;
				CODE_SIGN_STYLE = Automatic;
				DEVELOPMENT_TEAM = C62HHAQ8W3;
				INFOPLIST_FILE = AnalogClock/Info.plist;
				LD_RUNPATH_SEARCH_PATHS = (
					"$(inherited)",
					"@executable_path/Frameworks",
				);
				PRODUCT_BUNDLE_IDENTIFIER = irisview.AnalogClock;
				PRODUCT_NAME = "$(TARGET_NAME)";
				SWIFT_VERSION = 4.2;
				TARGETED_DEVICE_FAMILY = "1,2";
			};
			name = Debug;
		};
		A431F6E522090BA90052C848 /* Release */ = {
			isa = XCBuildConfiguration;
			buildSettings = {
				ASSETCATALOG_COMPILER_APPICON_NAME = AppIcon;
				CODE_SIGN_STYLE = Automatic;
				DEVELOPMENT_TEAM = C62HHAQ8W3;
				INFOPLIST_FILE = AnalogClock/Info.plist;
				LD_RUNPATH_SEARCH_PATHS = (
					"$(inherited)",
					"@executable_path/Frameworks",
				);
				PRODUCT_BUNDLE_IDENTIFIER = irisview.AnalogClock;
				PRODUCT_NAME = "$(TARGET_NAME)";
				SWIFT_VERSION = 4.2;
				TARGETED_DEVICE_FAMILY = "1,2";
			};
			name = Release;
		};
		A431F6E722090BA90052C848 /* Debug */ = {
			isa = XCBuildConfiguration;
			buildSettings = {
				ALWAYS_EMBED_SWIFT_STANDARD_LIBRARIES = YES;
				BUNDLE_LOADER = "$(TEST_HOST)";
				CODE_SIGN_STYLE = Automatic;
				DEVELOPMENT_TEAM = C62HHAQ8W3;
				INFOPLIST_FILE = AnalogClockTests/Info.plist;
				LD_RUNPATH_SEARCH_PATHS = (
					"$(inherited)",
					"@executable_path/Frameworks",
					"@loader_path/Frameworks",
				);
				PRODUCT_BUNDLE_IDENTIFIER = irisview.AnalogClockTests;
				PRODUCT_NAME = "$(TARGET_NAME)";
				SWIFT_VERSION = 4.2;
				TARGETED_DEVICE_FAMILY = "1,2";
				TEST_HOST = "$(BUILT_PRODUCTS_DIR)/AnalogClock.app/AnalogClock";
			};
			name = Debug;
		};
		A431F6E822090BA90052C848 /* Release */ = {
			isa = XCBuildConfiguration;
			buildSettings = {
				ALWAYS_EMBED_SWIFT_STANDARD_LIBRARIES = YES;
				BUNDLE_LOADER = "$(TEST_HOST)";
				CODE_SIGN_STYLE = Automatic;
				DEVELOPMENT_TEAM = C62HHAQ8W3;
				INFOPLIST_FILE = AnalogClockTests/Info.plist;
				LD_RUNPATH_SEARCH_PATHS = (
					"$(inherited)",
					"@executable_path/Frameworks",
					"@loader_path/Frameworks",
				);
				PRODUCT_BUNDLE_IDENTIFIER = irisview.AnalogClockTests;
				PRODUCT_NAME = "$(TARGET_NAME)";
				SWIFT_VERSION = 4.2;
				TARGETED_DEVICE_FAMILY = "1,2";
				TEST_HOST = "$(BUILT_PRODUCTS_DIR)/AnalogClock.app/AnalogClock";
			};
			name = Release;
		};
		A431F6EA22090BA90052C848 /* Debug */ = {
			isa = XCBuildConfiguration;
			buildSettings = {
				ALWAYS_EMBED_SWIFT_STANDARD_LIBRARIES = YES;
				CODE_SIGN_STYLE = Automatic;
				DEVELOPMENT_TEAM = C62HHAQ8W3;
				INFOPLIST_FILE = AnalogClockUITests/Info.plist;
				LD_RUNPATH_SEARCH_PATHS = (
					"$(inherited)",
					"@executable_path/Frameworks",
					"@loader_path/Frameworks",
				);
				PRODUCT_BUNDLE_IDENTIFIER = irisview.AnalogClockUITests;
				PRODUCT_NAME = "$(TARGET_NAME)";
				SWIFT_VERSION = 4.2;
				TARGETED_DEVICE_FAMILY = "1,2";
				TEST_TARGET_NAME = AnalogClock;
			};
			name = Debug;
		};
		A431F6EB22090BA90052C848 /* Release */ = {
			isa = XCBuildConfiguration;
			buildSettings = {
				ALWAYS_EMBED_SWIFT_STANDARD_LIBRARIES = YES;
				CODE_SIGN_STYLE = Automatic;
				DEVELOPMENT_TEAM = C62HHAQ8W3;
				INFOPLIST_FILE = AnalogClockUITests/Info.plist;
				LD_RUNPATH_SEARCH_PATHS = (
					"$(inherited)",
					"@executable_path/Frameworks",
					"@loader_path/Frameworks",
				);
				PRODUCT_BUNDLE_IDENTIFIER = irisview.AnalogClockUITests;
				PRODUCT_NAME = "$(TARGET_NAME)";
				SWIFT_VERSION = 4.2;
				TARGETED_DEVICE_FAMILY = "1,2";
				TEST_TARGET_NAME = AnalogClock;
			};
			name = Release;
		};
/* End XCBuildConfiguration section */

/* Begin XCConfigurationList section */
		A431F6B622090BA70052C848 /* Build configuration list for PBXProject "AnalogClock" */ = {
			isa = XCConfigurationList;
			buildConfigurations = (
				A431F6E122090BA90052C848 /* Debug */,
				A431F6E222090BA90052C848 /* Release */,
			);
			defaultConfigurationIsVisible = 0;
			defaultConfigurationName = Release;
		};
		A431F6E322090BA90052C848 /* Build configuration list for PBXNativeTarget "AnalogClock" */ = {
			isa = XCConfigurationList;
			buildConfigurations = (
				A431F6E422090BA90052C848 /* Debug */,
				A431F6E522090BA90052C848 /* Release */,
			);
			defaultConfigurationIsVisible = 0;
			defaultConfigurationName = Release;
		};
		A431F6E622090BA90052C848 /* Build configuration list for PBXNativeTarget "AnalogClockTests" */ = {
			isa = XCConfigurationList;
			buildConfigurations = (
				A431F6E722090BA90052C848 /* Debug */,
				A431F6E822090BA90052C848 /* Release */,
			);
			defaultConfigurationIsVisible = 0;
			defaultConfigurationName = Release;
		};
		A431F6E922090BA90052C848 /* Build configuration list for PBXNativeTarget "AnalogClockUITests" */ = {
			isa = XCConfigurationList;
			buildConfigurations = (
				A431F6EA22090BA90052C848 /* Debug */,
				A431F6EB22090BA90052C848 /* Release */,
			);
			defaultConfigurationIsVisible = 0;
			defaultConfigurationName = Release;
		};
/* End XCConfigurationList section */
	};
	rootObject = A431F6B322090BA70052C848 /* Project object */;
}
